<?xml version="1.0" encoding="utf-8"?>
<Project ToolsVersion="4.0" xmlns="http://schemas.microsoft.com/developer/msbuild/2003">
  <ItemGroup>
    <Filter Include="Source Files">
      <UniqueIdentifier>{4FC737F1-C7A5-4376-A066-2A32D752A2FF}</UniqueIdentifier>
      <Extensions>cpp;c;cc;cxx;def;odl;idl;hpj;bat;asm;asmx</Extensions>
    </Filter>
    <Filter Include="Header Files">
      <UniqueIdentifier>{93995380-89BD-4b04-88EB-625FBE52EBFB}</UniqueIdentifier>
      <Extensions>h;hh;hpp;hxx;hm;inl;inc;xsd</Extensions>
    </Filter>
    <Filter Include="Resource Files">
      <UniqueIdentifier>{67DA6AB6-F800-4c08-8B7A-83BB121AAD01}</UniqueIdentifier>
      <Extensions>rc;ico;cur;bmp;dlg;rc2;rct;bin;rgs;gif;jpg;jpeg;jpe;resx;tiff;tif;png;wav;mfcribbon-ms</Extensions>
    </Filter>
  </ItemGroup>
  <ItemGroup>
    <ClInclude Include="common\typedef.h">
      <Filter>Header Files</Filter>
    </ClInclude>
    <ClInclude Include="common\byteswap.h">
      <Filter>Header Files</Filter>
    </ClInclude>
    <ClInclude Include="common\ilogger.h">
      <Filter>Header Files</Filter>
    </ClInclude>
    <ClInclude Include="common\console_logger.h">
      <Filter>Header Files</Filter>
    </ClInclude>
    <ClInclude Include="common\file_util.h">
      <Filter>Header Files</Filter>
    </ClInclude>
    <ClInclude Include="pe\pe.h">
      <Filter>Header Files</Filter>
    </ClInclude>
    <ClInclude Include="pe\pe_image.h">
      <Filter>Header Files</Filter>
    </ClInclude>
    <ClInclude Include="pe\pe_image_reader.h">
      <Filter>Header Files</Filter>
    </ClInclude>
    <ClInclude Include="assemblies\method_def.h">
      <Filter>Header Files</Filter>
    </ClInclude>
    <ClInclude Include="common\ptr_util.h">
      <Filter>Header Files</Filter>
    </ClInclude>
    <ClInclude Include="assemblies\module_def.h">
      <Filter>Header Files</Filter>
    </ClInclude>
    <ClInclude Include="assemblies\opcodes.h">
      <Filter>Header Files</Filter>
    </ClInclude>
    <ClInclude Include="pe\metadata_token.h">
      <Filter>Header Files</Filter>
    </ClInclude>
    <ClInclude Include="pe\coded_index.h">
      <Filter>Header Files</Filter>
    </ClInclude>
    <ClInclude Include="common\str_util.h">
      <Filter>Header Files</Filter>
    </ClInclude>
    <ClInclude Include="assemblies\type_ref.h">
      <Filter>Header Files</Filter>
    </ClInclude>
    <ClInclude Include="assemblies\assembly_reader.h">
      <Filter>Header Files</Filter>
    </ClInclude>
    <ClInclude Include="assemblies\assembly.h">
      <Filter>Header Files</Filter>
    </ClInclude>
    <ClInclude Include="assemblies\member_ref.h">
      <Filter>Header Files</Filter>
    </ClInclude>
    <ClInclude Include="assemblies\assembly_ref.h">
      <Filter>Header Files</Filter>
    </ClInclude>
    <ClInclude Include="assemblies\blob_entry.h">
      <Filter>Header Files</Filter>
    </ClInclude>
    <ClInclude Include="assemblies\resolution_scope.h">
      <Filter>Header Files</Filter>
    </ClInclude>
    <ClInclude Include="exceptions\stereo_exception.h">
      <Filter>Header Files</Filter>
    </ClInclude>
    <ClInclude Include="assemblies\opcode.h">
      <Filter>Header Files</Filter>
    </ClInclude>
    <ClInclude Include="assemblies\operand.h">
      <Filter>Header Files</Filter>
    </ClInclude>
    <ClInclude Include="runtime\execution_engine.h">
      <Filter>Header Files</Filter>
    </ClInclude>
    <ClInclude Include="runtime\stereo_object.h">
      <Filter>Header Files</Filter>
    </ClInclude>
    <ClInclude Include="assemblies\method_ref.h">
      <Filter>Header Files</Filter>
    </ClInclude>
    <ClInclude Include="assemblies\calling_convention.h">
      <Filter>Header Files</Filter>
    </ClInclude>
    <ClInclude Include="assemblies\element_type.h">
      <Filter>Header Files</Filter>
    </ClInclude>
    <ClInclude Include="assemblies\parameter_def.h">
      <Filter>Header Files</Filter>
    </ClInclude>
    <ClInclude Include="runtime\call_stack.h">
      <Filter>Header Files</Filter>
    </ClInclude>
    <ClInclude Include="runtime\method_interceptors.h">
      <Filter>Header Files</Filter>
    </ClInclude>
    <ClInclude Include="common\maybe.h">
      <Filter>Header Files</Filter>
    </ClInclude>
    <ClInclude Include="exceptions\not_implemented_exception.h">
      <Filter>Header Files</Filter>
    </ClInclude>
    <ClInclude Include="exceptions\runtime_exception.h">
      <Filter>Header Files</Filter>
    </ClInclude>
  </ItemGroup>
  <ItemGroup>
    <ClCompile Include="stereo.cpp">
      <Filter>Source Files</Filter>
    </ClCompile>
    <ClCompile Include="common\ilogger.cpp">
      <Filter>Source Files</Filter>
    </ClCompile>
    <ClCompile Include="common\console_logger.cpp">
      <Filter>Source Files</Filter>
    </ClCompile>
    <ClCompile Include="pe\pe_image_reader.cpp">
      <Filter>Source Files</Filter>
    </ClCompile>
    <ClCompile Include="pe\coded_index.cpp">
      <Filter>Source Files</Filter>
    </ClCompile>
    <ClCompile Include="assemblies\assembly_reader.cpp">
      <Filter>Source Files</Filter>
    </ClCompile>
    <ClCompile Include="assemblies\assembly.cpp">
      <Filter>Source Files</Filter>
    </ClCompile>
    <ClCompile Include="exceptions\stereo_exception.cpp">
      <Filter>Source Files</Filter>
    </ClCompile>
    <ClCompile Include="assemblies\opcodes.cpp">
      <Filter>Source Files</Filter>
    </ClCompile>
    <ClCompile Include="runtime\execution_engine.cpp">
      <Filter>Source Files</Filter>
    </ClCompile>
    <ClCompile Include="assemblies\type_ref.cpp">
      <Filter>Source Files</Filter>
    </ClCompile>
    <ClCompile Include="runtime\stereo_object.cpp">
      <Filter>Source Files</Filter>
    </ClCompile>
    <ClCompile Include="runtime\method_interceptors.cpp">
      <Filter>Source Files</Filter>
    </ClCompile>
    <ClCompile Include="runtime\stack_impl.h">
      <Filter>Source Files</Filter>
    </ClCompile>
  </ItemGroup>
</Project>